
Microsoft Visual Studio Solution File, Format Version 12.00
# Visual Studio Version 17
VisualStudioVersion = 17.13.35818.85 d17.13
MinimumVisualStudioVersion = 10.0.40219.1
Project("{8BC9CEB8-8B4A-11D0-8D11-00A0C91BC942}") = "3D Renderer", "3D Renderer\3D Renderer.vcxproj", "{669060FB-BC75-475B-A6FC-46A43565FB45}"
EndProject
Global
	GlobalSection(SolutionConfigurationPlatforms) = preSolution
		Debug|x64 = Debug|x64
		Debug|x86 = Debug|x86
		Release|x64 = Release|x64
		Release|x86 = Release|x86
	EndGlobalSection
	GlobalSection(ProjectConfigurationPlatforms) = postSolution
		{669060FB-BC75-475B-A6FC-46A43565FB45}.Debug|x64.ActiveCfg = Debug|x64
		{669060FB-BC75-475B-A6FC-46A43565FB45}.Debug|x64.Build.0 = Debug|x64
		{669060FB-BC75-475B-A6FC-46A43565FB45}.Debug|x86.ActiveCfg = Debug|Win32
		{669060FB-BC75-475B-A6FC-46A43565FB45}.Debug|x86.Build.0 = Debug|Win32
		{669060FB-BC75-475B-A6FC-46A43565FB45}.Release|x64.ActiveCfg = Release|x64
		{669060FB-BC75-475B-A6FC-46A43565FB45}.Release|x64.Build.0 = Release|x64
		{669060FB-BC75-475B-A6FC-46A43565FB45}.Release|x86.ActiveCfg = Release|Win32
		{669060FB-BC75-475B-A6FC-46A43565FB45}.Release|x86.Build.0 = Release|Win32
	EndGlobalSection
	GlobalSection(SolutionProperties) = preSolution
		HideSolutionNode = FALSE
	EndGlobalSection
	GlobalSection(ExtensibilityGlobals) = postSolution
		SolutionGuid = {B12E3E1D-C4FB-4DB6-8FC8-AA7687403194}
	EndGlobalSection
EndGlobal
